
Microsoft Visual Studio Solution File, Format Version 12.00
# Visual Studio Version 16
VisualStudioVersion = 16.0.31005.135
MinimumVisualStudioVersion = 10.0.40219.1
Project("{9A19103F-16F7-4668-BE54-9A1E7A4F7556}") = "Klassen en opbjecten introductie", "Klassen en opbjecten introductie\Klassen en opbjecten introductie.csproj", "{65ADB759-001A-410B-8123-95A7A031B8B2}"
EndProject
Project("{9A19103F-16F7-4668-BE54-9A1E7A4F7556}") = "Nummers", "Nummers\Nummers.csproj", "{03327F86-0B78-4EB8-B976-CA9A0BEAB4B6}"
EndProject
Project("{9A19103F-16F7-4668-BE54-9A1E7A4F7556}") = "Studentklasse", "Studentklasse\Studentklasse.csproj", "{1F45B0BE-318A-4A11-A8AE-93280101F210}"
EndProject
Project("{FAE04EC0-301F-11D3-BF4B-00C04F79EFBC}") = "Pizza Time", "Pizza Time\Pizza Time.csproj", "{957A3FB2-2D7B-4A29-900E-FBA138A5BFF5}"
EndProject
Global
	GlobalSection(SolutionConfigurationPlatforms) = preSolution
		Debug|Any CPU = Debug|Any CPU
		Release|Any CPU = Release|Any CPU
	EndGlobalSection
	GlobalSection(ProjectConfigurationPlatforms) = postSolution
		{65ADB759-001A-410B-8123-95A7A031B8B2}.Debug|Any CPU.ActiveCfg = Debug|Any CPU
		{65ADB759-001A-410B-8123-95A7A031B8B2}.Debug|Any CPU.Build.0 = Debug|Any CPU
		{65ADB759-001A-410B-8123-95A7A031B8B2}.Release|Any CPU.ActiveCfg = Release|Any CPU
		{65ADB759-001A-410B-8123-95A7A031B8B2}.Release|Any CPU.Build.0 = Release|Any CPU
		{03327F86-0B78-4EB8-B976-CA9A0BEAB4B6}.Debug|Any CPU.ActiveCfg = Debug|Any CPU
		{03327F86-0B78-4EB8-B976-CA9A0BEAB4B6}.Debug|Any CPU.Build.0 = Debug|Any CPU
		{03327F86-0B78-4EB8-B976-CA9A0BEAB4B6}.Release|Any CPU.ActiveCfg = Release|Any CPU
		{03327F86-0B78-4EB8-B976-CA9A0BEAB4B6}.Release|Any CPU.Build.0 = Release|Any CPU
		{1F45B0BE-318A-4A11-A8AE-93280101F210}.Debug|Any CPU.ActiveCfg = Debug|Any CPU
		{1F45B0BE-318A-4A11-A8AE-93280101F210}.Debug|Any CPU.Build.0 = Debug|Any CPU
		{1F45B0BE-318A-4A11-A8AE-93280101F210}.Release|Any CPU.ActiveCfg = Release|Any CPU
		{1F45B0BE-318A-4A11-A8AE-93280101F210}.Release|Any CPU.Build.0 = Release|Any CPU
		{957A3FB2-2D7B-4A29-900E-FBA138A5BFF5}.Debug|Any CPU.ActiveCfg = Debug|Any CPU
		{957A3FB2-2D7B-4A29-900E-FBA138A5BFF5}.Debug|Any CPU.Build.0 = Debug|Any CPU
		{957A3FB2-2D7B-4A29-900E-FBA138A5BFF5}.Release|Any CPU.ActiveCfg = Release|Any CPU
		{957A3FB2-2D7B-4A29-900E-FBA138A5BFF5}.Release|Any CPU.Build.0 = Release|Any CPU
	EndGlobalSection
	GlobalSection(SolutionProperties) = preSolution
		HideSolutionNode = FALSE
	EndGlobalSection
	GlobalSection(ExtensibilityGlobals) = postSolution
		SolutionGuid = {512E2A45-4446-4402-AA28-FBFF8AD70ED8}
	EndGlobalSection
EndGlobal
