
Microsoft Visual Studio Solution File, Format Version 12.00
# Visual Studio Version 16
VisualStudioVersion = 16.0.31005.135
MinimumVisualStudioVersion = 10.0.40219.1
Project("{9A19103F-16F7-4668-BE54-9A1E7A4F7556}") = "Meetlat", "Meetlat\Meetlat.csproj", "{6CC5F33B-0A96-4E47-930E-C9CC615232C0}"
EndProject
Project("{9A19103F-16F7-4668-BE54-9A1E7A4F7556}") = "Sports", "..\Sports\Sports.csproj", "{74A3B1DA-644B-4D9E-874A-80C27D44C4C6}"
EndProject
Project("{FAE04EC0-301F-11D3-BF4B-00C04F79EFBC}") = "Digitale kluis", "Digitale kluis\Digitale kluis.csproj", "{C8075C79-702F-4520-AFAB-A4AD7F2C8FA2}"
EndProject
Global
	GlobalSection(SolutionConfigurationPlatforms) = preSolution
		Debug|Any CPU = Debug|Any CPU
		Release|Any CPU = Release|Any CPU
	EndGlobalSection
	GlobalSection(ProjectConfigurationPlatforms) = postSolution
		{6CC5F33B-0A96-4E47-930E-C9CC615232C0}.Debug|Any CPU.ActiveCfg = Debug|Any CPU
		{6CC5F33B-0A96-4E47-930E-C9CC615232C0}.Debug|Any CPU.Build.0 = Debug|Any CPU
		{6CC5F33B-0A96-4E47-930E-C9CC615232C0}.Release|Any CPU.ActiveCfg = Release|Any CPU
		{6CC5F33B-0A96-4E47-930E-C9CC615232C0}.Release|Any CPU.Build.0 = Release|Any CPU
		{74A3B1DA-644B-4D9E-874A-80C27D44C4C6}.Debug|Any CPU.ActiveCfg = Debug|Any CPU
		{74A3B1DA-644B-4D9E-874A-80C27D44C4C6}.Debug|Any CPU.Build.0 = Debug|Any CPU
		{74A3B1DA-644B-4D9E-874A-80C27D44C4C6}.Release|Any CPU.ActiveCfg = Release|Any CPU
		{74A3B1DA-644B-4D9E-874A-80C27D44C4C6}.Release|Any CPU.Build.0 = Release|Any CPU
		{C8075C79-702F-4520-AFAB-A4AD7F2C8FA2}.Debug|Any CPU.ActiveCfg = Debug|Any CPU
		{C8075C79-702F-4520-AFAB-A4AD7F2C8FA2}.Debug|Any CPU.Build.0 = Debug|Any CPU
		{C8075C79-702F-4520-AFAB-A4AD7F2C8FA2}.Release|Any CPU.ActiveCfg = Release|Any CPU
		{C8075C79-702F-4520-AFAB-A4AD7F2C8FA2}.Release|Any CPU.Build.0 = Release|Any CPU
	EndGlobalSection
	GlobalSection(SolutionProperties) = preSolution
		HideSolutionNode = FALSE
	EndGlobalSection
	GlobalSection(ExtensibilityGlobals) = postSolution
		SolutionGuid = {561218FA-91F2-48DB-ADA3-1BFC70E5D114}
	EndGlobalSection
EndGlobal
